
Microsoft Visual Studio Solution File, Format Version 12.00
# Visual Studio Version 16
VisualStudioVersion = 16.0.33027.164
MinimumVisualStudioVersion = 10.0.40219.1
Project("{FAE04EC0-301F-11D3-BF4B-00C04F79EFBC}") = "TemaLab7", "TemaLab7\TemaLab7.csproj", "{6EE81E1D-113F-4F08-9466-6FB099D00776}"
EndProject
Global
	GlobalSection(SolutionConfigurationPlatforms) = preSolution
		Debug|Any CPU = Debug|Any CPU
		Release|Any CPU = Release|Any CPU
	EndGlobalSection
	GlobalSection(ProjectConfigurationPlatforms) = postSolution
		{6EE81E1D-113F-4F08-9466-6FB099D00776}.Debug|Any CPU.ActiveCfg = Debug|Any CPU
		{6EE81E1D-113F-4F08-9466-6FB099D00776}.Debug|Any CPU.Build.0 = Debug|Any CPU
		{6EE81E1D-113F-4F08-9466-6FB099D00776}.Release|Any CPU.ActiveCfg = Release|Any CPU
		{6EE81E1D-113F-4F08-9466-6FB099D00776}.Release|Any CPU.Build.0 = Release|Any CPU
	EndGlobalSection
	GlobalSection(SolutionProperties) = preSolution
		HideSolutionNode = FALSE
	EndGlobalSection
	GlobalSection(ExtensibilityGlobals) = postSolution
		SolutionGuid = {AB11D789-B52D-4A19-B1F2-D563818B1C97}
	EndGlobalSection
EndGlobal
